// !$*UTF8*$!
{
	archiveVersion = 1;
	classes = {
	};
	objectVersion = 50;
	objects = {

/* Begin PBXBuildFile section */
		78089956210C6A0B004D8DF4 /* DefineKeys.swift in Sources */ = {isa = PBXBuildFile; fileRef = 78089955210C6A0B004D8DF4 /* DefineKeys.swift */; };
		7808995C210EB591004D8DF4 /* AnimationsExampleController.swift in Sources */ = {isa = PBXBuildFile; fileRef = 7808995B210EB591004D8DF4 /* AnimationsExampleController.swift */; };
		7808995E210EB622004D8DF4 /* AnimationsView.swift in Sources */ = {isa = PBXBuildFile; fileRef = 7808995D210EB622004D8DF4 /* AnimationsView.swift */; };
		7861227420FEEE6F00D2FB0F /* MBProgressHUD.swift in Sources */ = {isa = PBXBuildFile; fileRef = 7861227320FEEE6F00D2FB0F /* MBProgressHUD.swift */; };
		7861227920FEF0B900D2FB0F /* Single+ObjectMapper.swift in Sources */ = {isa = PBXBuildFile; fileRef = 7861227620FEF0B900D2FB0F /* Single+ObjectMapper.swift */; };
		7861227A20FEF0B900D2FB0F /* Response+ObjectMapper.swift in Sources */ = {isa = PBXBuildFile; fileRef = 7861227720FEF0B900D2FB0F /* Response+ObjectMapper.swift */; };
		7861227B20FEF0B900D2FB0F /* ObservableType+ObjectMapper.swift in Sources */ = {isa = PBXBuildFile; fileRef = 7861227820FEF0B900D2FB0F /* ObservableType+ObjectMapper.swift */; };
		7861227E20FEF16400D2FB0F /* Api.swift in Sources */ = {isa = PBXBuildFile; fileRef = 7861227D20FEF16400D2FB0F /* Api.swift */; };
		7861228120FEF27E00D2FB0F /* Douban.swift in Sources */ = {isa = PBXBuildFile; fileRef = 7861227F20FEF27E00D2FB0F /* Douban.swift */; };
		7861228220FEF27E00D2FB0F /* DoubanNetworkService.swift in Sources */ = {isa = PBXBuildFile; fileRef = 7861228020FEF27E00D2FB0F /* DoubanNetworkService.swift */; };
		7861228420FF102C00D2FB0F /* BaseViewController.swift in Sources */ = {isa = PBXBuildFile; fileRef = 7861228320FF102C00D2FB0F /* BaseViewController.swift */; };
		7861228720FF1B6300D2FB0F /* GitHubAPI.swift in Sources */ = {isa = PBXBuildFile; fileRef = 7861228620FF1B6300D2FB0F /* GitHubAPI.swift */; };
		7861228920FF1BDD00D2FB0F /* GitHubModel.swift in Sources */ = {isa = PBXBuildFile; fileRef = 7861228820FF1BDD00D2FB0F /* GitHubModel.swift */; };
		7861228B20FF1C2400D2FB0F /* ViewModel.swift in Sources */ = {isa = PBXBuildFile; fileRef = 7861228A20FF1C2400D2FB0F /* ViewModel.swift */; };
		7861228D20FF1CF700D2FB0F /* GitHubViewController.swift in Sources */ = {isa = PBXBuildFile; fileRef = 7861228C20FF1CF700D2FB0F /* GitHubViewController.swift */; };
		7861228F20FF1DFB00D2FB0F /* GitHubNetworkService.swift in Sources */ = {isa = PBXBuildFile; fileRef = 7861228E20FF1DFB00D2FB0F /* GitHubNetworkService.swift */; };
		7861229120FF21E400D2FB0F /* ValidationResult.swift in Sources */ = {isa = PBXBuildFile; fileRef = 7861229020FF21E400D2FB0F /* ValidationResult.swift */; };
		7861229320FF228400D2FB0F /* GitHubSignupService.swift in Sources */ = {isa = PBXBuildFile; fileRef = 7861229220FF228400D2FB0F /* GitHubSignupService.swift */; };
		7861229520FF22FD00D2FB0F /* GitHubSignupViewModel.swift in Sources */ = {isa = PBXBuildFile; fileRef = 7861229420FF22FD00D2FB0F /* GitHubSignupViewModel.swift */; };
		7861229720FF234000D2FB0F /* BindingExtensions.swift in Sources */ = {isa = PBXBuildFile; fileRef = 7861229620FF234000D2FB0F /* BindingExtensions.swift */; };
		7861229C20FF2A0500D2FB0F /* MJRefresh+Rx.swift in Sources */ = {isa = PBXBuildFile; fileRef = 7861229B20FF2A0500D2FB0F /* MJRefresh+Rx.swift */; };
		7861229F20FF2DE300D2FB0F /* NetworkService.swift in Sources */ = {isa = PBXBuildFile; fileRef = 7861229E20FF2DE300D2FB0F /* NetworkService.swift */; };
		786122A120FF2E2600D2FB0F /* RefreshViewModel.swift in Sources */ = {isa = PBXBuildFile; fileRef = 786122A020FF2E2600D2FB0F /* RefreshViewModel.swift */; };
		786122A320FF2E9900D2FB0F /* RefreshViewController.swift in Sources */ = {isa = PBXBuildFile; fileRef = 786122A220FF2E9900D2FB0F /* RefreshViewController.swift */; };
		786787DA20FDD98100A7E9FE /* AppDelegate.swift in Sources */ = {isa = PBXBuildFile; fileRef = 786787D920FDD98100A7E9FE /* AppDelegate.swift */; };
		786787DC20FDD98100A7E9FE /* README.swift in Sources */ = {isa = PBXBuildFile; fileRef = 786787DB20FDD98100A7E9FE /* README.swift */; };
		786787E120FDD98200A7E9FE /* Assets.xcassets in Resources */ = {isa = PBXBuildFile; fileRef = 786787E020FDD98200A7E9FE /* Assets.xcassets */; };
		786787EC20FDD99C00A7E9FE /* LoginViewStevia.swift in Sources */ = {isa = PBXBuildFile; fileRef = 786787EB20FDD99C00A7E9FE /* LoginViewStevia.swift */; };
		786787EE20FDD9D000A7E9FE /* LoginViewController.swift in Sources */ = {isa = PBXBuildFile; fileRef = 786787ED20FDD9D000A7E9FE /* LoginViewController.swift */; };
		786787F020FDDD3F00A7E9FE /* TestCell.swift in Sources */ = {isa = PBXBuildFile; fileRef = 786787EF20FDDD3F00A7E9FE /* TestCell.swift */; };
		786787F420FDE49B00A7E9FE /* TestViewController.swift in Sources */ = {isa = PBXBuildFile; fileRef = 786787F320FDE49B00A7E9FE /* TestViewController.swift */; };
		786787F620FDEB7700A7E9FE /* Router.swift in Sources */ = {isa = PBXBuildFile; fileRef = 786787F520FDEB7700A7E9FE /* Router.swift */; };
		786787F820FDEBD100A7E9FE /* MyAppNavigation.swift in Sources */ = {isa = PBXBuildFile; fileRef = 786787F720FDEBD100A7E9FE /* MyAppNavigation.swift */; };
		7880CDEE21080B2000D8B6B1 /* Reachability.swift in Sources */ = {isa = PBXBuildFile; fileRef = 7880CDED21080B2000D8B6B1 /* Reachability.swift */; };
		7880CE222109C57400D8B6B1 /* Sample.swift in Sources */ = {isa = PBXBuildFile; fileRef = 7880CE212109C57300D8B6B1 /* Sample.swift */; };
		7880CE242109C60200D8B6B1 /* WCDBViewController.swift in Sources */ = {isa = PBXBuildFile; fileRef = 7880CE232109C60200D8B6B1 /* WCDBViewController.swift */; };
		78CD1E85210C12C800978330 /* HomeViewController.swift in Sources */ = {isa = PBXBuildFile; fileRef = 78CD1E84210C12C800978330 /* HomeViewController.swift */; };
		78CD1E88210C132500978330 /* StackModel.swift in Sources */ = {isa = PBXBuildFile; fileRef = 78CD1E87210C132500978330 /* StackModel.swift */; };
		78CD1E8A210C136B00978330 /* StackView.swift in Sources */ = {isa = PBXBuildFile; fileRef = 78CD1E89210C136B00978330 /* StackView.swift */; };
		78CD1E8C210C1F9D00978330 /* StackScrollView.swift in Sources */ = {isa = PBXBuildFile; fileRef = 78CD1E8B210C1F9D00978330 /* StackScrollView.swift */; };
		78D4A53F20FEE183001D1DE7 /* LTabbarViewController.swift in Sources */ = {isa = PBXBuildFile; fileRef = 78D4A53E20FEE183001D1DE7 /* LTabbarViewController.swift */; };
		78D4A54120FEE3E1001D1DE7 /* LNavigationController.swift in Sources */ = {isa = PBXBuildFile; fileRef = 78D4A54020FEE3E1001D1DE7 /* LNavigationController.swift */; };
		78D4A54320FEE7B3001D1DE7 /* Common.swift in Sources */ = {isa = PBXBuildFile; fileRef = 78D4A54220FEE7B3001D1DE7 /* Common.swift */; };
		78D4A54720FEEC65001D1DE7 /* MD5Digest.swift in Sources */ = {isa = PBXBuildFile; fileRef = 78D4A54620FEEC65001D1DE7 /* MD5Digest.swift */; };
		78DE07702101912700733FC2 /* MineViewController.swift in Sources */ = {isa = PBXBuildFile; fileRef = 78DE076F2101912700733FC2 /* MineViewController.swift */; };
		78DE07722101914700733FC2 /* MineView.swift in Sources */ = {isa = PBXBuildFile; fileRef = 78DE07712101914700733FC2 /* MineView.swift */; };
		935365D9F9D0598DDFDA129F /* Pods_swift_D.framework in Frameworks */ = {isa = PBXBuildFile; fileRef = 78EEA1283B95309D9B62F971 /* Pods_swift_D.framework */; };
/* End PBXBuildFile section */

/* Begin PBXFileReference section */
		75F917F0537AD6A96AA450DC /* Pods-swift_D.release.xcconfig */ = {isa = PBXFileReference; includeInIndex = 1; lastKnownFileType = text.xcconfig; name = "Pods-swift_D.release.xcconfig"; path = "Pods/Target Support Files/Pods-swift_D/Pods-swift_D.release.xcconfig"; sourceTree = "<group>"; };
		78089955210C6A0B004D8DF4 /* DefineKeys.swift */ = {isa = PBXFileReference; lastKnownFileType = sourcecode.swift; path = DefineKeys.swift; sourceTree = "<group>"; };
		7808995B210EB591004D8DF4 /* AnimationsExampleController.swift */ = {isa = PBXFileReference; lastKnownFileType = sourcecode.swift; path = AnimationsExampleController.swift; sourceTree = "<group>"; };
		7808995D210EB622004D8DF4 /* AnimationsView.swift */ = {isa = PBXFileReference; lastKnownFileType = sourcecode.swift; path = AnimationsView.swift; sourceTree = "<group>"; };
		7861227020FEEDDC00D2FB0F /* swift_D-Bridging-Header.h */ = {isa = PBXFileReference; lastKnownFileType = sourcecode.c.h; path = "swift_D-Bridging-Header.h"; sourceTree = "<group>"; };
		7861227320FEEE6F00D2FB0F /* MBProgressHUD.swift */ = {isa = PBXFileReference; lastKnownFileType = sourcecode.swift; path = MBProgressHUD.swift; sourceTree = "<group>"; };
		7861227620FEF0B900D2FB0F /* Single+ObjectMapper.swift */ = {isa = PBXFileReference; fileEncoding = 4; lastKnownFileType = sourcecode.swift; path = "Single+ObjectMapper.swift"; sourceTree = "<group>"; };
		7861227720FEF0B900D2FB0F /* Response+ObjectMapper.swift */ = {isa = PBXFileReference; fileEncoding = 4; lastKnownFileType = sourcecode.swift; path = "Response+ObjectMapper.swift"; sourceTree = "<group>"; };
		7861227820FEF0B900D2FB0F /* ObservableType+ObjectMapper.swift */ = {isa = PBXFileReference; fileEncoding = 4; lastKnownFileType = sourcecode.swift; path = "ObservableType+ObjectMapper.swift"; sourceTree = "<group>"; };
		7861227D20FEF16400D2FB0F /* Api.swift */ = {isa = PBXFileReference; lastKnownFileType = sourcecode.swift; path = Api.swift; sourceTree = "<group>"; };
		7861227F20FEF27E00D2FB0F /* Douban.swift */ = {isa = PBXFileReference; fileEncoding = 4; lastKnownFileType = sourcecode.swift; path = Douban.swift; sourceTree = "<group>"; };
		7861228020FEF27E00D2FB0F /* DoubanNetworkService.swift */ = {isa = PBXFileReference; fileEncoding = 4; lastKnownFileType = sourcecode.swift; path = DoubanNetworkService.swift; sourceTree = "<group>"; };
		7861228320FF102C00D2FB0F /* BaseViewController.swift */ = {isa = PBXFileReference; lastKnownFileType = sourcecode.swift; path = BaseViewController.swift; sourceTree = "<group>"; };
		7861228620FF1B6300D2FB0F /* GitHubAPI.swift */ = {isa = PBXFileReference; lastKnownFileType = sourcecode.swift; path = GitHubAPI.swift; sourceTree = "<group>"; };
		7861228820FF1BDD00D2FB0F /* GitHubModel.swift */ = {isa = PBXFileReference; lastKnownFileType = sourcecode.swift; path = GitHubModel.swift; sourceTree = "<group>"; };
		7861228A20FF1C2400D2FB0F /* ViewModel.swift */ = {isa = PBXFileReference; lastKnownFileType = sourcecode.swift; path = ViewModel.swift; sourceTree = "<group>"; };
		7861228C20FF1CF700D2FB0F /* GitHubViewController.swift */ = {isa = PBXFileReference; lastKnownFileType = sourcecode.swift; path = GitHubViewController.swift; sourceTree = "<group>"; };
		7861228E20FF1DFB00D2FB0F /* GitHubNetworkService.swift */ = {isa = PBXFileReference; lastKnownFileType = sourcecode.swift; path = GitHubNetworkService.swift; sourceTree = "<group>"; };
		7861229020FF21E400D2FB0F /* ValidationResult.swift */ = {isa = PBXFileReference; lastKnownFileType = sourcecode.swift; path = ValidationResult.swift; sourceTree = "<group>"; };
		7861229220FF228400D2FB0F /* GitHubSignupService.swift */ = {isa = PBXFileReference; lastKnownFileType = sourcecode.swift; path = GitHubSignupService.swift; sourceTree = "<group>"; };
		7861229420FF22FD00D2FB0F /* GitHubSignupViewModel.swift */ = {isa = PBXFileReference; lastKnownFileType = sourcecode.swift; path = GitHubSignupViewModel.swift; sourceTree = "<group>"; };
		7861229620FF234000D2FB0F /* BindingExtensions.swift */ = {isa = PBXFileReference; lastKnownFileType = sourcecode.swift; path = BindingExtensions.swift; sourceTree = "<group>"; };
		7861229B20FF2A0500D2FB0F /* MJRefresh+Rx.swift */ = {isa = PBXFileReference; fileEncoding = 4; lastKnownFileType = sourcecode.swift; path = "MJRefresh+Rx.swift"; sourceTree = "<group>"; };
		7861229E20FF2DE300D2FB0F /* NetworkService.swift */ = {isa = PBXFileReference; lastKnownFileType = sourcecode.swift; path = NetworkService.swift; sourceTree = "<group>"; };
		786122A020FF2E2600D2FB0F /* RefreshViewModel.swift */ = {isa = PBXFileReference; lastKnownFileType = sourcecode.swift; path = RefreshViewModel.swift; sourceTree = "<group>"; };
		786122A220FF2E9900D2FB0F /* RefreshViewController.swift */ = {isa = PBXFileReference; lastKnownFileType = sourcecode.swift; path = RefreshViewController.swift; sourceTree = "<group>"; };
		786787D620FDD98100A7E9FE /* swift_D.app */ = {isa = PBXFileReference; explicitFileType = wrapper.application; includeInIndex = 0; path = swift_D.app; sourceTree = BUILT_PRODUCTS_DIR; };
		786787D920FDD98100A7E9FE /* AppDelegate.swift */ = {isa = PBXFileReference; lastKnownFileType = sourcecode.swift; path = AppDelegate.swift; sourceTree = "<group>"; };
		786787DB20FDD98100A7E9FE /* README.swift */ = {isa = PBXFileReference; lastKnownFileType = sourcecode.swift; path = README.swift; sourceTree = "<group>"; };
		786787E020FDD98200A7E9FE /* Assets.xcassets */ = {isa = PBXFileReference; lastKnownFileType = folder.assetcatalog; path = Assets.xcassets; sourceTree = "<group>"; };
		786787E520FDD98200A7E9FE /* Info.plist */ = {isa = PBXFileReference; lastKnownFileType = text.plist.xml; path = Info.plist; sourceTree = "<group>"; };
		786787EB20FDD99C00A7E9FE /* LoginViewStevia.swift */ = {isa = PBXFileReference; lastKnownFileType = sourcecode.swift; path = LoginViewStevia.swift; sourceTree = "<group>"; };
		786787ED20FDD9D000A7E9FE /* LoginViewController.swift */ = {isa = PBXFileReference; lastKnownFileType = sourcecode.swift; path = LoginViewController.swift; sourceTree = "<group>"; };
		786787EF20FDDD3F00A7E9FE /* TestCell.swift */ = {isa = PBXFileReference; lastKnownFileType = sourcecode.swift; path = TestCell.swift; sourceTree = "<group>"; };
		786787F320FDE49B00A7E9FE /* TestViewController.swift */ = {isa = PBXFileReference; fileEncoding = 4; lastKnownFileType = sourcecode.swift; path = TestViewController.swift; sourceTree = "<group>"; };
		786787F520FDEB7700A7E9FE /* Router.swift */ = {isa = PBXFileReference; fileEncoding = 4; lastKnownFileType = sourcecode.swift; path = Router.swift; sourceTree = "<group>"; };
		786787F720FDEBD100A7E9FE /* MyAppNavigation.swift */ = {isa = PBXFileReference; lastKnownFileType = sourcecode.swift; path = MyAppNavigation.swift; sourceTree = "<group>"; };
		7880CDED21080B2000D8B6B1 /* Reachability.swift */ = {isa = PBXFileReference; lastKnownFileType = sourcecode.swift; path = Reachability.swift; sourceTree = "<group>"; };
		7880CE212109C57300D8B6B1 /* Sample.swift */ = {isa = PBXFileReference; lastKnownFileType = sourcecode.swift; path = Sample.swift; sourceTree = "<group>"; };
		7880CE232109C60200D8B6B1 /* WCDBViewController.swift */ = {isa = PBXFileReference; lastKnownFileType = sourcecode.swift; path = WCDBViewController.swift; sourceTree = "<group>"; };
		78CD1E84210C12C800978330 /* HomeViewController.swift */ = {isa = PBXFileReference; lastKnownFileType = sourcecode.swift; path = HomeViewController.swift; sourceTree = "<group>"; };
		78CD1E87210C132500978330 /* StackModel.swift */ = {isa = PBXFileReference; lastKnownFileType = sourcecode.swift; path = StackModel.swift; sourceTree = "<group>"; };
		78CD1E89210C136B00978330 /* StackView.swift */ = {isa = PBXFileReference; lastKnownFileType = sourcecode.swift; path = StackView.swift; sourceTree = "<group>"; };
		78CD1E8B210C1F9D00978330 /* StackScrollView.swift */ = {isa = PBXFileReference; lastKnownFileType = sourcecode.swift; path = StackScrollView.swift; sourceTree = "<group>"; };
		78D4A53E20FEE183001D1DE7 /* LTabbarViewController.swift */ = {isa = PBXFileReference; lastKnownFileType = sourcecode.swift; path = LTabbarViewController.swift; sourceTree = "<group>"; };
		78D4A54020FEE3E1001D1DE7 /* LNavigationController.swift */ = {isa = PBXFileReference; lastKnownFileType = sourcecode.swift; path = LNavigationController.swift; sourceTree = "<group>"; };
		78D4A54220FEE7B3001D1DE7 /* Common.swift */ = {isa = PBXFileReference; lastKnownFileType = sourcecode.swift; path = Common.swift; sourceTree = "<group>"; };
		78D4A54620FEEC65001D1DE7 /* MD5Digest.swift */ = {isa = PBXFileReference; lastKnownFileType = sourcecode.swift; path = MD5Digest.swift; sourceTree = "<group>"; };
		78DE076F2101912700733FC2 /* MineViewController.swift */ = {isa = PBXFileReference; lastKnownFileType = sourcecode.swift; path = MineViewController.swift; sourceTree = "<group>"; };
		78DE07712101914700733FC2 /* MineView.swift */ = {isa = PBXFileReference; lastKnownFileType = sourcecode.swift; path = MineView.swift; sourceTree = "<group>"; };
		78EEA1283B95309D9B62F971 /* Pods_swift_D.framework */ = {isa = PBXFileReference; explicitFileType = wrapper.framework; includeInIndex = 0; path = Pods_swift_D.framework; sourceTree = BUILT_PRODUCTS_DIR; };
		AF2006F6D18F1B21184E06CF /* Pods-swift_D.debug.xcconfig */ = {isa = PBXFileReference; includeInIndex = 1; lastKnownFileType = text.xcconfig; name = "Pods-swift_D.debug.xcconfig"; path = "Pods/Target Support Files/Pods-swift_D/Pods-swift_D.debug.xcconfig"; sourceTree = "<group>"; };
/* End PBXFileReference section */

/* Begin PBXFrameworksBuildPhase section */
		786787D320FDD98100A7E9FE /* Frameworks */ = {
			isa = PBXFrameworksBuildPhase;
			buildActionMask = 2147483647;
			files = (
				935365D9F9D0598DDFDA129F /* Pods_swift_D.framework in Frameworks */,
			);
			runOnlyForDeploymentPostprocessing = 0;
		};
/* End PBXFrameworksBuildPhase section */

/* Begin PBXGroup section */
		23E1C960678F47E114FED074 /* Frameworks */ = {
			isa = PBXGroup;
			children = (
				78EEA1283B95309D9B62F971 /* Pods_swift_D.framework */,
			);
			name = Frameworks;
			sourceTree = "<group>";
		};
		7808995A210EB553004D8DF4 /* Animations */ = {
			isa = PBXGroup;
			children = (
				7808995B210EB591004D8DF4 /* AnimationsExampleController.swift */,
				7808995D210EB622004D8DF4 /* AnimationsView.swift */,
			);
			path = Animations;
			sourceTree = "<group>";
		};
		7861227520FEF0A600D2FB0F /* ObjectMapper */ = {
			isa = PBXGroup;
			children = (
				7861227820FEF0B900D2FB0F /* ObservableType+ObjectMapper.swift */,
				7861227720FEF0B900D2FB0F /* Response+ObjectMapper.swift */,
				7861227620FEF0B900D2FB0F /* Single+ObjectMapper.swift */,
			);
			path = ObjectMapper;
			sourceTree = "<group>";
		};
		7861227C20FEF14100D2FB0F /* Network */ = {
			isa = PBXGroup;
			children = (
				7861227D20FEF16400D2FB0F /* Api.swift */,
			);
			path = Network;
			sourceTree = "<group>";
		};
		7861228520FF1ABB00D2FB0F /* MVVM */ = {
			isa = PBXGroup;
			children = (
				7861228620FF1B6300D2FB0F /* GitHubAPI.swift */,
				7861228820FF1BDD00D2FB0F /* GitHubModel.swift */,
				7861228A20FF1C2400D2FB0F /* ViewModel.swift */,
				7861228C20FF1CF700D2FB0F /* GitHubViewController.swift */,
				7861228E20FF1DFB00D2FB0F /* GitHubNetworkService.swift */,
			);
			path = MVVM;
			sourceTree = "<group>";
		};
		7861229820FF28E500D2FB0F /* Refresh */ = {
			isa = PBXGroup;
			children = (
				7861229B20FF2A0500D2FB0F /* MJRefresh+Rx.swift */,
				786122A020FF2E2600D2FB0F /* RefreshViewModel.swift */,
			);
			path = Refresh;
			sourceTree = "<group>";
		};
		7861229D20FF2DC900D2FB0F /* RefreshTest */ = {
			isa = PBXGroup;
			children = (
				7861229E20FF2DE300D2FB0F /* NetworkService.swift */,
				786122A220FF2E9900D2FB0F /* RefreshViewController.swift */,
			);
			path = RefreshTest;
			sourceTree = "<group>";
		};
		786787CD20FDD98100A7E9FE = {
			isa = PBXGroup;
			children = (
				786787D820FDD98100A7E9FE /* swift_D */,
				786787D720FDD98100A7E9FE /* Products */,
				EFE4C79E9FDC29B7573C0972 /* Pods */,
				23E1C960678F47E114FED074 /* Frameworks */,
			);
			sourceTree = "<group>";
		};
		786787D720FDD98100A7E9FE /* Products */ = {
			isa = PBXGroup;
			children = (
				786787D620FDD98100A7E9FE /* swift_D.app */,
			);
			name = Products;
			sourceTree = "<group>";
		};
		786787D820FDD98100A7E9FE /* swift_D */ = {
			isa = PBXGroup;
			children = (
				78DE076D2100369300733FC2 /* Main */,
				78DE076E2100377B00733FC2 /* Business */,
				786787F920FDEE3D00A7E9FE /* Router */,
				7861227C20FEF14100D2FB0F /* Network */,
				78D4A54520FEEC3C001D1DE7 /* Tools */,
				786787DB20FDD98100A7E9FE /* README.swift */,
				786787E020FDD98200A7E9FE /* Assets.xcassets */,
				786787E520FDD98200A7E9FE /* Info.plist */,
				7861227020FEEDDC00D2FB0F /* swift_D-Bridging-Header.h */,
			);
			path = swift_D;
			sourceTree = "<group>";
		};
		786787F920FDEE3D00A7E9FE /* Router */ = {
			isa = PBXGroup;
			children = (
				786787F720FDEBD100A7E9FE /* MyAppNavigation.swift */,
				786787F520FDEB7700A7E9FE /* Router.swift */,
			);
			path = Router;
			sourceTree = "<group>";
		};
		786787FA20FDEE5E00A7E9FE /* Test */ = {
			isa = PBXGroup;
			children = (
				786787F320FDE49B00A7E9FE /* TestViewController.swift */,
				7861227F20FEF27E00D2FB0F /* Douban.swift */,
				7861228020FEF27E00D2FB0F /* DoubanNetworkService.swift */,
				786787EF20FDDD3F00A7E9FE /* TestCell.swift */,
				7861229D20FF2DC900D2FB0F /* RefreshTest */,
			);
			path = Test;
			sourceTree = "<group>";
		};
		786787FB20FDEE7500A7E9FE /* Login */ = {
			isa = PBXGroup;
			children = (
				786787EB20FDD99C00A7E9FE /* LoginViewStevia.swift */,
				786787ED20FDD9D000A7E9FE /* LoginViewController.swift */,
				7861229020FF21E400D2FB0F /* ValidationResult.swift */,
				7861229220FF228400D2FB0F /* GitHubSignupService.swift */,
				7861229420FF22FD00D2FB0F /* GitHubSignupViewModel.swift */,
				7861229620FF234000D2FB0F /* BindingExtensions.swift */,
			);
			path = Login;
			sourceTree = "<group>";
		};
		7880CE202109C46300D8B6B1 /* WCDB */ = {
			isa = PBXGroup;
			children = (
				7880CE212109C57300D8B6B1 /* Sample.swift */,
				7880CE232109C60200D8B6B1 /* WCDBViewController.swift */,
			);
			path = WCDB;
			sourceTree = "<group>";
		};
		78CD1E86210C12D100978330 /* Home */ = {
			isa = PBXGroup;
			children = (
				78CD1E84210C12C800978330 /* HomeViewController.swift */,
				78CD1E87210C132500978330 /* StackModel.swift */,
				78CD1E89210C136B00978330 /* StackView.swift */,
				78CD1E8B210C1F9D00978330 /* StackScrollView.swift */,
			);
			path = Home;
			sourceTree = "<group>";
		};
		78D4A54420FEEA47001D1DE7 /* Base(Navigation+Tabbar) */ = {
			isa = PBXGroup;
			children = (
				78D4A54020FEE3E1001D1DE7 /* LNavigationController.swift */,
				78D4A53E20FEE183001D1DE7 /* LTabbarViewController.swift */,
			);
			path = "Base(Navigation+Tabbar)";
			sourceTree = "<group>";
		};
		78D4A54520FEEC3C001D1DE7 /* Tools */ = {
			isa = PBXGroup;
			children = (
				7861229820FF28E500D2FB0F /* Refresh */,
				7861227520FEF0A600D2FB0F /* ObjectMapper */,
				78D4A54620FEEC65001D1DE7 /* MD5Digest.swift */,
				7861227320FEEE6F00D2FB0F /* MBProgressHUD.swift */,
				7880CDED21080B2000D8B6B1 /* Reachability.swift */,
			);
			path = Tools;
			sourceTree = "<group>";
		};
		78DDB6832101C6D70093F587 /* Mine */ = {
			isa = PBXGroup;
			children = (
				78DE076F2101912700733FC2 /* MineViewController.swift */,
				78DE07712101914700733FC2 /* MineView.swift */,
			);
			path = Mine;
			sourceTree = "<group>";
		};
		78DE076D2100369300733FC2 /* Main */ = {
			isa = PBXGroup;
			children = (
				786787D920FDD98100A7E9FE /* AppDelegate.swift */,
				78D4A54220FEE7B3001D1DE7 /* Common.swift */,
				78089955210C6A0B004D8DF4 /* DefineKeys.swift */,
				7861228320FF102C00D2FB0F /* BaseViewController.swift */,
				78D4A54420FEEA47001D1DE7 /* Base(Navigation+Tabbar) */,
			);
			path = Main;
			sourceTree = "<group>";
		};
		78DE076E2100377B00733FC2 /* Business */ = {
			isa = PBXGroup;
			children = (
				786787FB20FDEE7500A7E9FE /* Login */,
				786787FA20FDEE5E00A7E9FE /* Test */,
				7861228520FF1ABB00D2FB0F /* MVVM */,
				78DDB6832101C6D70093F587 /* Mine */,
				7880CE202109C46300D8B6B1 /* WCDB */,
				78CD1E86210C12D100978330 /* Home */,
				7808995A210EB553004D8DF4 /* Animations */,
			);
			path = Business;
			sourceTree = "<group>";
		};
		EFE4C79E9FDC29B7573C0972 /* Pods */ = {
			isa = PBXGroup;
			children = (
				AF2006F6D18F1B21184E06CF /* Pods-swift_D.debug.xcconfig */,
				75F917F0537AD6A96AA450DC /* Pods-swift_D.release.xcconfig */,
			);
			name = Pods;
			sourceTree = "<group>";
		};
/* End PBXGroup section */

/* Begin PBXNativeTarget section */
		786787D520FDD98100A7E9FE /* swift_D */ = {
			isa = PBXNativeTarget;
			buildConfigurationList = 786787E820FDD98200A7E9FE /* Build configuration list for PBXNativeTarget "swift_D" */;
			buildPhases = (
				E15CB72DD1B94CAE344EA32A /* [CP] Check Pods Manifest.lock */,
				786787D220FDD98100A7E9FE /* Sources */,
				786787D320FDD98100A7E9FE /* Frameworks */,
				786787D420FDD98100A7E9FE /* Resources */,
				BE6F1C66586B3A689AF8B163 /* [CP] Embed Pods Frameworks */,
			);
			buildRules = (
			);
			dependencies = (
			);
			name = swift_D;
			productName = swift_D;
			productReference = 786787D620FDD98100A7E9FE /* swift_D.app */;
			productType = "com.apple.product-type.application";
		};
/* End PBXNativeTarget section */

/* Begin PBXProject section */
		786787CE20FDD98100A7E9FE /* Project object */ = {
			isa = PBXProject;
			attributes = {
				LastSwiftUpdateCheck = 0940;
				LastUpgradeCheck = 0940;
				ORGANIZATIONNAME = idea;
				TargetAttributes = {
					786787D520FDD98100A7E9FE = {
						CreatedOnToolsVersion = 9.4.1;
						LastSwiftMigration = 0940;
					};
				};
			};
			buildConfigurationList = 786787D120FDD98100A7E9FE /* Build configuration list for PBXProject "swift_D" */;
			compatibilityVersion = "Xcode 9.3";
			developmentRegion = en;
			hasScannedForEncodings = 0;
			knownRegions = (
				en,
				Base,
			);
			mainGroup = 786787CD20FDD98100A7E9FE;
			productRefGroup = 786787D720FDD98100A7E9FE /* Products */;
			projectDirPath = "";
			projectRoot = "";
			targets = (
				786787D520FDD98100A7E9FE /* swift_D */,
			);
		};
/* End PBXProject section */

/* Begin PBXResourcesBuildPhase section */
		786787D420FDD98100A7E9FE /* Resources */ = {
			isa = PBXResourcesBuildPhase;
			buildActionMask = 2147483647;
			files = (
				786787E120FDD98200A7E9FE /* Assets.xcassets in Resources */,
			);
			runOnlyForDeploymentPostprocessing = 0;
		};
/* End PBXResourcesBuildPhase section */

/* Begin PBXShellScriptBuildPhase section */
		BE6F1C66586B3A689AF8B163 /* [CP] Embed Pods Frameworks */ = {
			isa = PBXShellScriptBuildPhase;
			buildActionMask = 2147483647;
			files = (
			);
			inputPaths = (
				"${SRCROOT}/Pods/Target Support Files/Pods-swift_D/Pods-swift_D-frameworks.sh",
				"${BUILT_PRODUCTS_DIR}/Alamofire/Alamofire.framework",
				"${BUILT_PRODUCTS_DIR}/Cupcake/Cupcake.framework",
				"${BUILT_PRODUCTS_DIR}/MBProgressHUD/MBProgressHUD.framework",
				"${BUILT_PRODUCTS_DIR}/MJRefresh/MJRefresh.framework",
				"${BUILT_PRODUCTS_DIR}/Macaw/Macaw.framework",
				"${BUILT_PRODUCTS_DIR}/Moya/Moya.framework",
				"${BUILT_PRODUCTS_DIR}/ObjectMapper/ObjectMapper.framework",
				"${BUILT_PRODUCTS_DIR}/Result/Result.framework",
				"${BUILT_PRODUCTS_DIR}/RxCocoa/RxCocoa.framework",
				"${BUILT_PRODUCTS_DIR}/RxSwift/RxSwift.framework",
				"${BUILT_PRODUCTS_DIR}/SDWebImage/SDWebImage.framework",
				"${BUILT_PRODUCTS_DIR}/SWXMLHash/SWXMLHash.framework",
				"${BUILT_PRODUCTS_DIR}/SteviaLayout/Stevia.framework",
				"${BUILT_PRODUCTS_DIR}/SwiftyUserDefaults/SwiftyUserDefaults.framework",
				"${BUILT_PRODUCTS_DIR}/WCDB.swift/WCDBSwift.framework",
			);
			name = "[CP] Embed Pods Frameworks";
			outputPaths = (
				"${TARGET_BUILD_DIR}/${FRAMEWORKS_FOLDER_PATH}/Alamofire.framework",
				"${TARGET_BUILD_DIR}/${FRAMEWORKS_FOLDER_PATH}/Cupcake.framework",
				"${TARGET_BUILD_DIR}/${FRAMEWORKS_FOLDER_PATH}/MBProgressHUD.framework",
				"${TARGET_BUILD_DIR}/${FRAMEWORKS_FOLDER_PATH}/MJRefresh.framework",
				"${TARGET_BUILD_DIR}/${FRAMEWORKS_FOLDER_PATH}/Macaw.framework",
				"${TARGET_BUILD_DIR}/${FRAMEWORKS_FOLDER_PATH}/Moya.framework",
				"${TARGET_BUILD_DIR}/${FRAMEWORKS_FOLDER_PATH}/ObjectMapper.framework",
				"${TARGET_BUILD_DIR}/${FRAMEWORKS_FOLDER_PATH}/Result.framework",
				"${TARGET_BUILD_DIR}/${FRAMEWORKS_FOLDER_PATH}/RxCocoa.framework",
				"${TARGET_BUILD_DIR}/${FRAMEWORKS_FOLDER_PATH}/RxSwift.framework",
				"${TARGET_BUILD_DIR}/${FRAMEWORKS_FOLDER_PATH}/SDWebImage.framework",
				"${TARGET_BUILD_DIR}/${FRAMEWORKS_FOLDER_PATH}/SWXMLHash.framework",
				"${TARGET_BUILD_DIR}/${FRAMEWORKS_FOLDER_PATH}/Stevia.framework",
				"${TARGET_BUILD_DIR}/${FRAMEWORKS_FOLDER_PATH}/SwiftyUserDefaults.framework",
				"${TARGET_BUILD_DIR}/${FRAMEWORKS_FOLDER_PATH}/WCDBSwift.framework",
			);
			runOnlyForDeploymentPostprocessing = 0;
			shellPath = /bin/sh;
			shellScript = "\"${SRCROOT}/Pods/Target Support Files/Pods-swift_D/Pods-swift_D-frameworks.sh\"\n";
			showEnvVarsInLog = 0;
		};
		E15CB72DD1B94CAE344EA32A /* [CP] Check Pods Manifest.lock */ = {
			isa = PBXShellScriptBuildPhase;
			buildActionMask = 2147483647;
			files = (
			);
			inputPaths = (
				"${PODS_PODFILE_DIR_PATH}/Podfile.lock",
				"${PODS_ROOT}/Manifest.lock",
			);
			name = "[CP] Check Pods Manifest.lock";
			outputPaths = (
				"$(DERIVED_FILE_DIR)/Pods-swift_D-checkManifestLockResult.txt",
			);
			runOnlyForDeploymentPostprocessing = 0;
			shellPath = /bin/sh;
			shellScript = "diff \"${PODS_PODFILE_DIR_PATH}/Podfile.lock\" \"${PODS_ROOT}/Manifest.lock\" > /dev/null\nif [ $? != 0 ] ; then\n    # print error to STDERR\n    echo \"error: The sandbox is not in sync with the Podfile.lock. Run 'pod install' or update your CocoaPods installation.\" >&2\n    exit 1\nfi\n# This output is used by Xcode 'outputs' to avoid re-running this script phase.\necho \"SUCCESS\" > \"${SCRIPT_OUTPUT_FILE_0}\"\n";
			showEnvVarsInLog = 0;
		};
/* End PBXShellScriptBuildPhase section */

/* Begin PBXSourcesBuildPhase section */
		786787D220FDD98100A7E9FE /* Sources */ = {
			isa = PBXSourcesBuildPhase;
			buildActionMask = 2147483647;
			files = (
				78CD1E8A210C136B00978330 /* StackView.swift in Sources */,
				78D4A54720FEEC65001D1DE7 /* MD5Digest.swift in Sources */,
				7861229120FF21E400D2FB0F /* ValidationResult.swift in Sources */,
				78CD1E88210C132500978330 /* StackModel.swift in Sources */,
				786787EE20FDD9D000A7E9FE /* LoginViewController.swift in Sources */,
				786787EC20FDD99C00A7E9FE /* LoginViewStevia.swift in Sources */,
				786787F020FDDD3F00A7E9FE /* TestCell.swift in Sources */,
				786787F620FDEB7700A7E9FE /* Router.swift in Sources */,
				7861228B20FF1C2400D2FB0F /* ViewModel.swift in Sources */,
				7861228420FF102C00D2FB0F /* BaseViewController.swift in Sources */,
				7861228920FF1BDD00D2FB0F /* GitHubModel.swift in Sources */,
				7861229320FF228400D2FB0F /* GitHubSignupService.swift in Sources */,
				786122A320FF2E9900D2FB0F /* RefreshViewController.swift in Sources */,
				78CD1E85210C12C800978330 /* HomeViewController.swift in Sources */,
				7861227E20FEF16400D2FB0F /* Api.swift in Sources */,
				7861228F20FF1DFB00D2FB0F /* GitHubNetworkService.swift in Sources */,
				786122A120FF2E2600D2FB0F /* RefreshViewModel.swift in Sources */,
				78D4A54320FEE7B3001D1DE7 /* Common.swift in Sources */,
				7861227420FEEE6F00D2FB0F /* MBProgressHUD.swift in Sources */,
				7861227920FEF0B900D2FB0F /* Single+ObjectMapper.swift in Sources */,
				78DE07722101914700733FC2 /* MineView.swift in Sources */,
				7861227A20FEF0B900D2FB0F /* Response+ObjectMapper.swift in Sources */,
				7861228120FEF27E00D2FB0F /* Douban.swift in Sources */,
				7861229720FF234000D2FB0F /* BindingExtensions.swift in Sources */,
				78CD1E8C210C1F9D00978330 /* StackScrollView.swift in Sources */,
				7808995E210EB622004D8DF4 /* AnimationsView.swift in Sources */,
				7808995C210EB591004D8DF4 /* AnimationsExampleController.swift in Sources */,
				786787DC20FDD98100A7E9FE /* README.swift in Sources */,
				7861228D20FF1CF700D2FB0F /* GitHubViewController.swift in Sources */,
				786787F420FDE49B00A7E9FE /* TestViewController.swift in Sources */,
				786787DA20FDD98100A7E9FE /* AppDelegate.swift in Sources */,
				7861229C20FF2A0500D2FB0F /* MJRefresh+Rx.swift in Sources */,
				786787F820FDEBD100A7E9FE /* MyAppNavigation.swift in Sources */,
				7861228220FEF27E00D2FB0F /* DoubanNetworkService.swift in Sources */,
				7861229520FF22FD00D2FB0F /* GitHubSignupViewModel.swift in Sources */,
				78D4A54120FEE3E1001D1DE7 /* LNavigationController.swift in Sources */,
				78DE07702101912700733FC2 /* MineViewController.swift in Sources */,
				7861227B20FEF0B900D2FB0F /* ObservableType+ObjectMapper.swift in Sources */,
				7880CE222109C57400D8B6B1 /* Sample.swift in Sources */,
				78089956210C6A0B004D8DF4 /* DefineKeys.swift in Sources */,
				7880CDEE21080B2000D8B6B1 /* Reachability.swift in Sources */,
				7861229F20FF2DE300D2FB0F /* NetworkService.swift in Sources */,
				7861228720FF1B6300D2FB0F /* GitHubAPI.swift in Sources */,
				7880CE242109C60200D8B6B1 /* WCDBViewController.swift in Sources */,
				78D4A53F20FEE183001D1DE7 /* LTabbarViewController.swift in Sources */,
			);
			runOnlyForDeploymentPostprocessing = 0;
		};
/* End PBXSourcesBuildPhase section */

/* Begin XCBuildConfiguration section */
		786787E620FDD98200A7E9FE /* Debug */ = {
			isa = XCBuildConfiguration;
			buildSettings = {
				ALWAYS_SEARCH_USER_PATHS = NO;
				CLANG_ANALYZER_NONNULL = YES;
				CLANG_ANALYZER_NUMBER_OBJECT_CONVERSION = YES_AGGRESSIVE;
				CLANG_CXX_LANGUAGE_STANDARD = "gnu++14";
				CLANG_CXX_LIBRARY = "libc++";
				CLANG_ENABLE_MODULES = YES;
				CLANG_ENABLE_OBJC_ARC = YES;
				CLANG_ENABLE_OBJC_WEAK = YES;
				CLANG_WARN_BLOCK_CAPTURE_AUTORELEASING = YES;
				CLANG_WARN_BOOL_CONVERSION = YES;
				CLANG_WARN_COMMA = YES;
				CLANG_WARN_CONSTANT_CONVERSION = YES;
				CLANG_WARN_DEPRECATED_OBJC_IMPLEMENTATIONS = YES;
				CLANG_WARN_DIRECT_OBJC_ISA_USAGE = YES_ERROR;
				CLANG_WARN_DOCUMENTATION_COMMENTS = YES;
				CLANG_WARN_EMPTY_BODY = YES;
				CLANG_WARN_ENUM_CONVERSION = YES;
				CLANG_WARN_INFINITE_RECURSION = YES;
				CLANG_WARN_INT_CONVERSION = YES;
				CLANG_WARN_NON_LITERAL_NULL_CONVERSION = YES;
				CLANG_WARN_OBJC_IMPLICIT_RETAIN_SELF = YES;
				CLANG_WARN_OBJC_LITERAL_CONVERSION = YES;
				CLANG_WARN_OBJC_ROOT_CLASS = YES_ERROR;
				CLANG_WARN_RANGE_LOOP_ANALYSIS = YES;
				CLANG_WARN_STRICT_PROTOTYPES = YES;
				CLANG_WARN_SUSPICIOUS_MOVE = YES;
				CLANG_WARN_UNGUARDED_AVAILABILITY = YES_AGGRESSIVE;
				CLANG_WARN_UNREACHABLE_CODE = YES;
				CLANG_WARN__DUPLICATE_METHOD_MATCH = YES;
				CODE_SIGN_IDENTITY = "iPhone Developer";
				COPY_PHASE_STRIP = NO;
				DEBUG_INFORMATION_FORMAT = dwarf;
				ENABLE_STRICT_OBJC_MSGSEND = YES;
				ENABLE_TESTABILITY = YES;
				GCC_C_LANGUAGE_STANDARD = gnu11;
				GCC_DYNAMIC_NO_PIC = NO;
				GCC_NO_COMMON_BLOCKS = YES;
				GCC_OPTIMIZATION_LEVEL = 0;
				GCC_PREPROCESSOR_DEFINITIONS = (
					"DEBUG=1",
					"$(inherited)",
				);
				GCC_WARN_64_TO_32_BIT_CONVERSION = YES;
				GCC_WARN_ABOUT_RETURN_TYPE = YES_ERROR;
				GCC_WARN_UNDECLARED_SELECTOR = YES;
				GCC_WARN_UNINITIALIZED_AUTOS = YES_AGGRESSIVE;
				GCC_WARN_UNUSED_FUNCTION = YES;
				GCC_WARN_UNUSED_VARIABLE = YES;
				IPHONEOS_DEPLOYMENT_TARGET = 11.4;
				MTL_ENABLE_DEBUG_INFO = YES;
				ONLY_ACTIVE_ARCH = YES;
				SDKROOT = iphoneos;
				SWIFT_ACTIVE_COMPILATION_CONDITIONS = DEBUG;
				SWIFT_OPTIMIZATION_LEVEL = "-Onone";
			};
			name = Debug;
		};
		786787E720FDD98200A7E9FE /* Release */ = {
			isa = XCBuildConfiguration;
			buildSettings = {
				ALWAYS_SEARCH_USER_PATHS = NO;
				CLANG_ANALYZER_NONNULL = YES;
				CLANG_ANALYZER_NUMBER_OBJECT_CONVERSION = YES_AGGRESSIVE;
				CLANG_CXX_LANGUAGE_STANDARD = "gnu++14";
				CLANG_CXX_LIBRARY = "libc++";
				CLANG_ENABLE_MODULES = YES;
				CLANG_ENABLE_OBJC_ARC = YES;
				CLANG_ENABLE_OBJC_WEAK = YES;
				CLANG_WARN_BLOCK_CAPTURE_AUTORELEASING = YES;
				CLANG_WARN_BOOL_CONVERSION = YES;
				CLANG_WARN_COMMA = YES;
				CLANG_WARN_CONSTANT_CONVERSION = YES;
				CLANG_WARN_DEPRECATED_OBJC_IMPLEMENTATIONS = YES;
				CLANG_WARN_DIRECT_OBJC_ISA_USAGE = YES_ERROR;
				CLANG_WARN_DOCUMENTATION_COMMENTS = YES;
				CLANG_WARN_EMPTY_BODY = YES;
				CLANG_WARN_ENUM_CONVERSION = YES;
				CLANG_WARN_INFINITE_RECURSION = YES;
				CLANG_WARN_INT_CONVERSION = YES;
				CLANG_WARN_NON_LITERAL_NULL_CONVERSION = YES;
				CLANG_WARN_OBJC_IMPLICIT_RETAIN_SELF = YES;
				CLANG_WARN_OBJC_LITERAL_CONVERSION = YES;
				CLANG_WARN_OBJC_ROOT_CLASS = YES_ERROR;
				CLANG_WARN_RANGE_LOOP_ANALYSIS = YES;
				CLANG_WARN_STRICT_PROTOTYPES = YES;
				CLANG_WARN_SUSPICIOUS_MOVE = YES;
				CLANG_WARN_UNGUARDED_AVAILABILITY = YES_AGGRESSIVE;
				CLANG_WARN_UNREACHABLE_CODE = YES;
				CLANG_WARN__DUPLICATE_METHOD_MATCH = YES;
				CODE_SIGN_IDENTITY = "iPhone Developer";
				COPY_PHASE_STRIP = NO;
				DEBUG_INFORMATION_FORMAT = "dwarf-with-dsym";
				ENABLE_NS_ASSERTIONS = NO;
				ENABLE_STRICT_OBJC_MSGSEND = YES;
				GCC_C_LANGUAGE_STANDARD = gnu11;
				GCC_NO_COMMON_BLOCKS = YES;
				GCC_WARN_64_TO_32_BIT_CONVERSION = YES;
				GCC_WARN_ABOUT_RETURN_TYPE = YES_ERROR;
				GCC_WARN_UNDECLARED_SELECTOR = YES;
				GCC_WARN_UNINITIALIZED_AUTOS = YES_AGGRESSIVE;
				GCC_WARN_UNUSED_FUNCTION = YES;
				GCC_WARN_UNUSED_VARIABLE = YES;
				IPHONEOS_DEPLOYMENT_TARGET = 11.4;
				MTL_ENABLE_DEBUG_INFO = NO;
				SDKROOT = iphoneos;
				SWIFT_COMPILATION_MODE = wholemodule;
				SWIFT_OPTIMIZATION_LEVEL = "-O";
				VALIDATE_PRODUCT = YES;
			};
			name = Release;
		};
		786787E920FDD98200A7E9FE /* Debug */ = {
			isa = XCBuildConfiguration;
			baseConfigurationReference = AF2006F6D18F1B21184E06CF /* Pods-swift_D.debug.xcconfig */;
			buildSettings = {
				ASSETCATALOG_COMPILER_APPICON_NAME = AppIcon;
				ASSETCATALOG_COMPILER_LAUNCHIMAGE_NAME = LaunchImage;
				CLANG_ENABLE_MODULES = YES;
				CODE_SIGN_STYLE = Automatic;
				DEVELOPMENT_TEAM = 7T5NXR7M3P;
				INFOPLIST_FILE = swift_D/Info.plist;
				IPHONEOS_DEPLOYMENT_TARGET = 10.0;
				LD_RUNPATH_SEARCH_PATHS = (
					"$(inherited)",
					"@executable_path/Frameworks",
				);
				PRODUCT_BUNDLE_IDENTIFIER = "com.youlu.swift-D";
				PRODUCT_NAME = "$(TARGET_NAME)";
				SWIFT_OBJC_BRIDGING_HEADER = "swift_D/swift_D-Bridging-Header.h";
				SWIFT_OPTIMIZATION_LEVEL = "-Onone";
				SWIFT_VERSION = 4.0;
				TARGETED_DEVICE_FAMILY = "1,2";
			};
			name = Debug;
		};
		786787EA20FDD98200A7E9FE /* Release */ = {
			isa = XCBuildConfiguration;
			baseConfigurationReference = 75F917F0537AD6A96AA450DC /* Pods-swift_D.release.xcconfig */;
			buildSettings = {
				ASSETCATALOG_COMPILER_APPICON_NAME = AppIcon;
				ASSETCATALOG_COMPILER_LAUNCHIMAGE_NAME = LaunchImage;
				CLANG_ENABLE_MODULES = YES;
				CODE_SIGN_STYLE = Automatic;
				DEVELOPMENT_TEAM = 7T5NXR7M3P;
				INFOPLIST_FILE = swift_D/Info.plist;
				IPHONEOS_DEPLOYMENT_TARGET = 10.0;
				LD_RUNPATH_SEARCH_PATHS = (
					"$(inherited)",
					"@executable_path/Frameworks",
				);
				PRODUCT_BUNDLE_IDENTIFIER = "com.youlu.swift-D";
				PRODUCT_NAME = "$(TARGET_NAME)";
				SWIFT_OBJC_BRIDGING_HEADER = "swift_D/swift_D-Bridging-Header.h";
				SWIFT_VERSION = 4.0;
				TARGETED_DEVICE_FAMILY = "1,2";
			};
			name = Release;
		};
/* End XCBuildConfiguration section */

/* Begin XCConfigurationList section */
		786787D120FDD98100A7E9FE /* Build configuration list for PBXProject "swift_D" */ = {
			isa = XCConfigurationList;
			buildConfigurations = (
				786787E620FDD98200A7E9FE /* Debug */,
				786787E720FDD98200A7E9FE /* Release */,
			);
			defaultConfigurationIsVisible = 0;
			defaultConfigurationName = Release;
		};
		786787E820FDD98200A7E9FE /* Build configuration list for PBXNativeTarget "swift_D" */ = {
			isa = XCConfigurationList;
			buildConfigurations = (
				786787E920FDD98200A7E9FE /* Debug */,
				786787EA20FDD98200A7E9FE /* Release */,
			);
			defaultConfigurationIsVisible = 0;
			defaultConfigurationName = Release;
		};
/* End XCConfigurationList section */
	};
	rootObject = 786787CE20FDD98100A7E9FE /* Project object */;
}
